
Microsoft Visual Studio Solution File, Format Version 12.00
# Visual Studio Version 16
VisualStudioVersion = 16.0.30611.23
MinimumVisualStudioVersion = 10.0.40219.1
Project("{9A19103F-16F7-4668-BE54-9A1E7A4F7556}") = "Trainer", "Trainer\Trainer.csproj", "{498B7759-551E-4EDF-A132-1B111EBEC6B0}"
EndProject
Project("{FAE04EC0-301F-11D3-BF4B-00C04F79EFBC}") = "Api", "API\Api.csproj", "{432ADCC9-83E3-4E53-91C2-A5CC66DD3B28}"
EndProject
Project("{FAE04EC0-301F-11D3-BF4B-00C04F79EFBC}") = "Dal", "DataAccessLayer\Dal.csproj", "{784667CC-B409-4D23-AC13-434A431CC80E}"
EndProject
Project("{FAE04EC0-301F-11D3-BF4B-00C04F79EFBC}") = "Tests", "Tests\Tests.csproj", "{99AA4FE2-EA0D-4C92-AAA5-EEADF2E97F2C}"
EndProject
Global
	GlobalSection(SolutionConfigurationPlatforms) = preSolution
		Debug|Any CPU = Debug|Any CPU
		Release|Any CPU = Release|Any CPU
	EndGlobalSection
	GlobalSection(ProjectConfigurationPlatforms) = postSolution
		{498B7759-551E-4EDF-A132-1B111EBEC6B0}.Debug|Any CPU.ActiveCfg = Debug|Any CPU
		{498B7759-551E-4EDF-A132-1B111EBEC6B0}.Debug|Any CPU.Build.0 = Debug|Any CPU
		{498B7759-551E-4EDF-A132-1B111EBEC6B0}.Release|Any CPU.ActiveCfg = Release|Any CPU
		{498B7759-551E-4EDF-A132-1B111EBEC6B0}.Release|Any CPU.Build.0 = Release|Any CPU
		{432ADCC9-83E3-4E53-91C2-A5CC66DD3B28}.Debug|Any CPU.ActiveCfg = Debug|Any CPU
		{432ADCC9-83E3-4E53-91C2-A5CC66DD3B28}.Debug|Any CPU.Build.0 = Debug|Any CPU
		{432ADCC9-83E3-4E53-91C2-A5CC66DD3B28}.Release|Any CPU.ActiveCfg = Release|Any CPU
		{432ADCC9-83E3-4E53-91C2-A5CC66DD3B28}.Release|Any CPU.Build.0 = Release|Any CPU
		{784667CC-B409-4D23-AC13-434A431CC80E}.Debug|Any CPU.ActiveCfg = Debug|Any CPU
		{784667CC-B409-4D23-AC13-434A431CC80E}.Debug|Any CPU.Build.0 = Debug|Any CPU
		{784667CC-B409-4D23-AC13-434A431CC80E}.Release|Any CPU.ActiveCfg = Release|Any CPU
		{784667CC-B409-4D23-AC13-434A431CC80E}.Release|Any CPU.Build.0 = Release|Any CPU
		{99AA4FE2-EA0D-4C92-AAA5-EEADF2E97F2C}.Debug|Any CPU.ActiveCfg = Debug|Any CPU
		{99AA4FE2-EA0D-4C92-AAA5-EEADF2E97F2C}.Debug|Any CPU.Build.0 = Debug|Any CPU
		{99AA4FE2-EA0D-4C92-AAA5-EEADF2E97F2C}.Release|Any CPU.ActiveCfg = Release|Any CPU
		{99AA4FE2-EA0D-4C92-AAA5-EEADF2E97F2C}.Release|Any CPU.Build.0 = Release|Any CPU
	EndGlobalSection
	GlobalSection(SolutionProperties) = preSolution
		HideSolutionNode = FALSE
	EndGlobalSection
	GlobalSection(ExtensibilityGlobals) = postSolution
		SolutionGuid = {417BB4E7-BACB-4052-9AC9-A0CD9E9F906B}
	EndGlobalSection
EndGlobal
